
Microsoft Visual Studio Solution File, Format Version 12.00
# Visual Studio Version 16
VisualStudioVersion = 16.0.30114.105
MinimumVisualStudioVersion = 10.0.40219.1
Project("{FAE04EC0-301F-11D3-BF4B-00C04F79EFBC}") = "API", "API\API.csproj", "{BF3F9A94-0E95-40CC-9048-338FEC325ADA}"
EndProject
Project("{FAE04EC0-301F-11D3-BF4B-00C04F79EFBC}") = "Core", "Core\Core.csproj", "{CCC926AF-D9FC-4E2C-BC50-E0FC9BC9174E}"
EndProject
Project("{FAE04EC0-301F-11D3-BF4B-00C04F79EFBC}") = "Infrastructure", "Infrastructure\Infrastructure.csproj", "{9422604C-1EED-4244-9883-C8A85B26964D}"
EndProject
Global
	GlobalSection(SolutionConfigurationPlatforms) = preSolution
		Debug|Any CPU = Debug|Any CPU
		Release|Any CPU = Release|Any CPU
	EndGlobalSection
	GlobalSection(SolutionProperties) = preSolution
		HideSolutionNode = FALSE
	EndGlobalSection
	GlobalSection(ProjectConfigurationPlatforms) = postSolution
		{BF3F9A94-0E95-40CC-9048-338FEC325ADA}.Debug|Any CPU.ActiveCfg = Debug|Any CPU
		{BF3F9A94-0E95-40CC-9048-338FEC325ADA}.Debug|Any CPU.Build.0 = Debug|Any CPU
		{BF3F9A94-0E95-40CC-9048-338FEC325ADA}.Release|Any CPU.ActiveCfg = Release|Any CPU
		{BF3F9A94-0E95-40CC-9048-338FEC325ADA}.Release|Any CPU.Build.0 = Release|Any CPU
		{CCC926AF-D9FC-4E2C-BC50-E0FC9BC9174E}.Debug|Any CPU.ActiveCfg = Debug|Any CPU
		{CCC926AF-D9FC-4E2C-BC50-E0FC9BC9174E}.Debug|Any CPU.Build.0 = Debug|Any CPU
		{CCC926AF-D9FC-4E2C-BC50-E0FC9BC9174E}.Release|Any CPU.ActiveCfg = Release|Any CPU
		{CCC926AF-D9FC-4E2C-BC50-E0FC9BC9174E}.Release|Any CPU.Build.0 = Release|Any CPU
		{9422604C-1EED-4244-9883-C8A85B26964D}.Debug|Any CPU.ActiveCfg = Debug|Any CPU
		{9422604C-1EED-4244-9883-C8A85B26964D}.Debug|Any CPU.Build.0 = Debug|Any CPU
		{9422604C-1EED-4244-9883-C8A85B26964D}.Release|Any CPU.ActiveCfg = Release|Any CPU
		{9422604C-1EED-4244-9883-C8A85B26964D}.Release|Any CPU.Build.0 = Release|Any CPU
	EndGlobalSection
EndGlobal
